
Microsoft Visual Studio Solution File, Format Version 12.00
# Visual Studio Version 16
VisualStudioVersion = 16.0.32228.343
MinimumVisualStudioVersion = 10.0.40219.1
Project("{FAE04EC0-301F-11D3-BF4B-00C04F79EFBC}") = "P128MethodSignatureMethodOverloading", "P128MethodSignatureMethodOverloading.csproj", "{A44DFA30-E319-498D-9072-D082E96B3AAA}"
EndProject
Global
	GlobalSection(SolutionConfigurationPlatforms) = preSolution
		Debug|Any CPU = Debug|Any CPU
		Release|Any CPU = Release|Any CPU
	EndGlobalSection
	GlobalSection(ProjectConfigurationPlatforms) = postSolution
		{A44DFA30-E319-498D-9072-D082E96B3AAA}.Debug|Any CPU.ActiveCfg = Debug|Any CPU
		{A44DFA30-E319-498D-9072-D082E96B3AAA}.Debug|Any CPU.Build.0 = Debug|Any CPU
		{A44DFA30-E319-498D-9072-D082E96B3AAA}.Release|Any CPU.ActiveCfg = Release|Any CPU
		{A44DFA30-E319-498D-9072-D082E96B3AAA}.Release|Any CPU.Build.0 = Release|Any CPU
	EndGlobalSection
	GlobalSection(SolutionProperties) = preSolution
		HideSolutionNode = FALSE
	EndGlobalSection
	GlobalSection(ExtensibilityGlobals) = postSolution
		SolutionGuid = {A52DCE56-E1DC-4B1E-B907-11683AE510D9}
	EndGlobalSection
EndGlobal
