
Microsoft Visual Studio Solution File, Format Version 12.00
# Visual Studio Version 16
VisualStudioVersion = 16.0.32228.343
MinimumVisualStudioVersion = 10.0.40219.1
Project("{FAE04EC0-301F-11D3-BF4B-00C04F79EFBC}") = "P128ValueTypeReference", "P128ValueTypeReference.csproj", "{74DC8E55-939D-4517-B114-B8977E88A17A}"
EndProject
Global
	GlobalSection(SolutionConfigurationPlatforms) = preSolution
		Debug|Any CPU = Debug|Any CPU
		Release|Any CPU = Release|Any CPU
	EndGlobalSection
	GlobalSection(ProjectConfigurationPlatforms) = postSolution
		{74DC8E55-939D-4517-B114-B8977E88A17A}.Debug|Any CPU.ActiveCfg = Debug|Any CPU
		{74DC8E55-939D-4517-B114-B8977E88A17A}.Debug|Any CPU.Build.0 = Debug|Any CPU
		{74DC8E55-939D-4517-B114-B8977E88A17A}.Release|Any CPU.ActiveCfg = Release|Any CPU
		{74DC8E55-939D-4517-B114-B8977E88A17A}.Release|Any CPU.Build.0 = Release|Any CPU
	EndGlobalSection
	GlobalSection(SolutionProperties) = preSolution
		HideSolutionNode = FALSE
	EndGlobalSection
	GlobalSection(ExtensibilityGlobals) = postSolution
		SolutionGuid = {98D2FA1D-3AB2-4C54-8D92-0B2E9AABEE98}
	EndGlobalSection
EndGlobal
